{
  "version": 4,
  "terraform_version": "1.11.2",
  "serial": 1,
  "lineage": "847d114f-b28a-0da7-fbd9-1cbffbf6882b",
  "outputs": {},
  "resources": [
    {
      "mode": "managed",
      "type": "local_file",
      "name": "test",
      "provider": "provider[\"registry.terraform.io/hashicorp/local\"]",
      "instances": [
        {
          "schema_version": 0,
          "attributes": {
            "content": "hello, terraform!",
            "content_base64": null,
            "content_base64sha256": "WMXV872btct+DctvFkvp9842EDGekeVRjKcFRxH+Kzk=",
            "content_base64sha512": "Njj27+r+5ODqW+W34eCnZZkkYusPqhotxyO6JoEXIAMHs6RPOuQZcHS7xBz2LEDeDI+nt4dNujxNZ63fdrDCVQ==",
            "content_md5": "d3bf782ea79013d7c347ef20c7e02f27",
            "content_sha1": "3188e9e392b155f437db10301e40b854e22d40be",
            "content_sha256": "58c5d5f3bd9bb5cb7e0dcb6f164be9f7ce3610319e91e5518ca7054711fe2b39",
            "content_sha512": "3638f6efeafee4e0ea5be5b7e1e0a765992462eb0faa1a2dc723ba268117200307b3a44f3ae4197074bbc41cf62c40de0c8fa7b7874dba3c4d67addf76b0c255",
            "directory_permission": "0777",
            "file_permission": "0777",
            "filename": "test1.txt",
            "id": "3188e9e392b155f437db10301e40b854e22d40be",
            "sensitive_content": null,
            "source": null
          },
          "sensitive_attributes": [
            [
              {
                "type": "get_attr",
                "value": "sensitive_content"
              }
            ]
          ]
        }
      ]
    }
  ],
  "check_results": null
}
